// !$*UTF8*$!
{
	archiveVersion = 1;
	classes = {
	};
	objectVersion = 50;
	objects = {

/* Begin PBXBuildFile section */
		6A11BCFAE89217F779C7E661 /* Pods_GitHubSearch.framework in Frameworks */ = {isa = PBXBuildFile; fileRef = 2681CBE9FF782BC3ADA85021 /* Pods_GitHubSearch.framework */; };
		C9B9D2DC20DF3B40002B3609 /* AppDelegate.swift in Sources */ = {isa = PBXBuildFile; fileRef = C9B9D2DB20DF3B40002B3609 /* AppDelegate.swift */; };
		C9B9D2E320DF3B44002B3609 /* Assets.xcassets in Resources */ = {isa = PBXBuildFile; fileRef = C9B9D2E220DF3B44002B3609 /* Assets.xcassets */; };
		C9B9D2E620DF3B44002B3609 /* LaunchScreen.storyboard in Resources */ = {isa = PBXBuildFile; fileRef = C9B9D2E420DF3B44002B3609 /* LaunchScreen.storyboard */; };
		C9B9D2F120DF3B45002B3609 /* GitHubSearchTests.swift in Sources */ = {isa = PBXBuildFile; fileRef = C9B9D2F020DF3B45002B3609 /* GitHubSearchTests.swift */; };
		C9B9D2FC20DF3B45002B3609 /* GitHubSearchUITests.swift in Sources */ = {isa = PBXBuildFile; fileRef = C9B9D2FB20DF3B45002B3609 /* GitHubSearchUITests.swift */; };
		C9B9D31020DF3DEA002B3609 /* SearchRepositoryView.swift in Sources */ = {isa = PBXBuildFile; fileRef = C9B9D30F20DF3DEA002B3609 /* SearchRepositoryView.swift */; };
		C9B9D31220DF3E4D002B3609 /* SearchRepositoryViewController.swift in Sources */ = {isa = PBXBuildFile; fileRef = C9B9D31120DF3E4C002B3609 /* SearchRepositoryViewController.swift */; };
		C9B9D31420DF3FC1002B3609 /* BaseView.swift in Sources */ = {isa = PBXBuildFile; fileRef = C9B9D31320DF3FC1002B3609 /* BaseView.swift */; };
		C9B9D31620DF3FDD002B3609 /* BaseTableViewCell.swift in Sources */ = {isa = PBXBuildFile; fileRef = C9B9D31520DF3FDD002B3609 /* BaseTableViewCell.swift */; };
		C9B9D31920DF402C002B3609 /* ChuraLayout.swift in Sources */ = {isa = PBXBuildFile; fileRef = C9B9D31820DF402C002B3609 /* ChuraLayout.swift */; };
		C9B9D31D20DF4525002B3609 /* SearchRepositoryViewModel.swift in Sources */ = {isa = PBXBuildFile; fileRef = C9B9D31C20DF4525002B3609 /* SearchRepositoryViewModel.swift */; };
		C9B9D31F20DF4581002B3609 /* RequestType.swift in Sources */ = {isa = PBXBuildFile; fileRef = C9B9D31E20DF4581002B3609 /* RequestType.swift */; };
		C9B9D32120DF45C0002B3609 /* GitHubClient.swift in Sources */ = {isa = PBXBuildFile; fileRef = C9B9D32020DF45C0002B3609 /* GitHubClient.swift */; };
		C9B9D32320DF4605002B3609 /* Repository.swift in Sources */ = {isa = PBXBuildFile; fileRef = C9B9D32220DF4605002B3609 /* Repository.swift */; };
		C9B9D32520DF46AF002B3609 /* SearchResponse.swift in Sources */ = {isa = PBXBuildFile; fileRef = C9B9D32420DF46AF002B3609 /* SearchResponse.swift */; };
		C9B9D32720DF46D4002B3609 /* SearchRepositoryRequest.swift in Sources */ = {isa = PBXBuildFile; fileRef = C9B9D32620DF46D4002B3609 /* SearchRepositoryRequest.swift */; };
/* End PBXBuildFile section */

/* Begin PBXContainerItemProxy section */
		C9B9D2ED20DF3B45002B3609 /* PBXContainerItemProxy */ = {
			isa = PBXContainerItemProxy;
			containerPortal = C9B9D2D020DF3B40002B3609 /* Project object */;
			proxyType = 1;
			remoteGlobalIDString = C9B9D2D720DF3B40002B3609;
			remoteInfo = GitHubSearch;
		};
		C9B9D2F820DF3B45002B3609 /* PBXContainerItemProxy */ = {
			isa = PBXContainerItemProxy;
			containerPortal = C9B9D2D020DF3B40002B3609 /* Project object */;
			proxyType = 1;
			remoteGlobalIDString = C9B9D2D720DF3B40002B3609;
			remoteInfo = GitHubSearch;
		};
/* End PBXContainerItemProxy section */

/* Begin PBXFileReference section */
		2681CBE9FF782BC3ADA85021 /* Pods_GitHubSearch.framework */ = {isa = PBXFileReference; explicitFileType = wrapper.framework; includeInIndex = 0; path = Pods_GitHubSearch.framework; sourceTree = BUILT_PRODUCTS_DIR; };
		2DF7F6B691EEB3795D32289C /* Pods-GitHubSearch.release.xcconfig */ = {isa = PBXFileReference; includeInIndex = 1; lastKnownFileType = text.xcconfig; name = "Pods-GitHubSearch.release.xcconfig"; path = "Pods/Target Support Files/Pods-GitHubSearch/Pods-GitHubSearch.release.xcconfig"; sourceTree = "<group>"; };
		64E2870FAFF8FD16E459AF44 /* Pods-GitHubSearch.debug.xcconfig */ = {isa = PBXFileReference; includeInIndex = 1; lastKnownFileType = text.xcconfig; name = "Pods-GitHubSearch.debug.xcconfig"; path = "Pods/Target Support Files/Pods-GitHubSearch/Pods-GitHubSearch.debug.xcconfig"; sourceTree = "<group>"; };
		C9B9D2D820DF3B40002B3609 /* GitHubSearch.app */ = {isa = PBXFileReference; explicitFileType = wrapper.application; includeInIndex = 0; path = GitHubSearch.app; sourceTree = BUILT_PRODUCTS_DIR; };
		C9B9D2DB20DF3B40002B3609 /* AppDelegate.swift */ = {isa = PBXFileReference; lastKnownFileType = sourcecode.swift; path = AppDelegate.swift; sourceTree = "<group>"; };
		C9B9D2E220DF3B44002B3609 /* Assets.xcassets */ = {isa = PBXFileReference; lastKnownFileType = folder.assetcatalog; path = Assets.xcassets; sourceTree = "<group>"; };
		C9B9D2E520DF3B44002B3609 /* Base */ = {isa = PBXFileReference; lastKnownFileType = file.storyboard; name = Base; path = Base.lproj/LaunchScreen.storyboard; sourceTree = "<group>"; };
		C9B9D2E720DF3B44002B3609 /* Info.plist */ = {isa = PBXFileReference; lastKnownFileType = text.plist.xml; path = Info.plist; sourceTree = "<group>"; };
		C9B9D2EC20DF3B45002B3609 /* GitHubSearchTests.xctest */ = {isa = PBXFileReference; explicitFileType = wrapper.cfbundle; includeInIndex = 0; path = GitHubSearchTests.xctest; sourceTree = BUILT_PRODUCTS_DIR; };
		C9B9D2F020DF3B45002B3609 /* GitHubSearchTests.swift */ = {isa = PBXFileReference; lastKnownFileType = sourcecode.swift; path = GitHubSearchTests.swift; sourceTree = "<group>"; };
		C9B9D2F220DF3B45002B3609 /* Info.plist */ = {isa = PBXFileReference; lastKnownFileType = text.plist.xml; path = Info.plist; sourceTree = "<group>"; };
		C9B9D2F720DF3B45002B3609 /* GitHubSearchUITests.xctest */ = {isa = PBXFileReference; explicitFileType = wrapper.cfbundle; includeInIndex = 0; path = GitHubSearchUITests.xctest; sourceTree = BUILT_PRODUCTS_DIR; };
		C9B9D2FB20DF3B45002B3609 /* GitHubSearchUITests.swift */ = {isa = PBXFileReference; lastKnownFileType = sourcecode.swift; path = GitHubSearchUITests.swift; sourceTree = "<group>"; };
		C9B9D2FD20DF3B45002B3609 /* Info.plist */ = {isa = PBXFileReference; lastKnownFileType = text.plist.xml; path = Info.plist; sourceTree = "<group>"; };
		C9B9D30F20DF3DEA002B3609 /* SearchRepositoryView.swift */ = {isa = PBXFileReference; lastKnownFileType = sourcecode.swift; path = SearchRepositoryView.swift; sourceTree = "<group>"; };
		C9B9D31120DF3E4C002B3609 /* SearchRepositoryViewController.swift */ = {isa = PBXFileReference; lastKnownFileType = sourcecode.swift; path = SearchRepositoryViewController.swift; sourceTree = "<group>"; };
		C9B9D31320DF3FC1002B3609 /* BaseView.swift */ = {isa = PBXFileReference; lastKnownFileType = sourcecode.swift; path = BaseView.swift; sourceTree = "<group>"; };
		C9B9D31520DF3FDD002B3609 /* BaseTableViewCell.swift */ = {isa = PBXFileReference; lastKnownFileType = sourcecode.swift; path = BaseTableViewCell.swift; sourceTree = "<group>"; };
		C9B9D31820DF402C002B3609 /* ChuraLayout.swift */ = {isa = PBXFileReference; lastKnownFileType = sourcecode.swift; path = ChuraLayout.swift; sourceTree = "<group>"; };
		C9B9D31C20DF4525002B3609 /* SearchRepositoryViewModel.swift */ = {isa = PBXFileReference; lastKnownFileType = sourcecode.swift; path = SearchRepositoryViewModel.swift; sourceTree = "<group>"; };
		C9B9D31E20DF4581002B3609 /* RequestType.swift */ = {isa = PBXFileReference; lastKnownFileType = sourcecode.swift; path = RequestType.swift; sourceTree = "<group>"; };
		C9B9D32020DF45C0002B3609 /* GitHubClient.swift */ = {isa = PBXFileReference; lastKnownFileType = sourcecode.swift; path = GitHubClient.swift; sourceTree = "<group>"; };
		C9B9D32220DF4605002B3609 /* Repository.swift */ = {isa = PBXFileReference; lastKnownFileType = sourcecode.swift; path = Repository.swift; sourceTree = "<group>"; };
		C9B9D32420DF46AF002B3609 /* SearchResponse.swift */ = {isa = PBXFileReference; lastKnownFileType = sourcecode.swift; path = SearchResponse.swift; sourceTree = "<group>"; };
		C9B9D32620DF46D4002B3609 /* SearchRepositoryRequest.swift */ = {isa = PBXFileReference; lastKnownFileType = sourcecode.swift; path = SearchRepositoryRequest.swift; sourceTree = "<group>"; };
/* End PBXFileReference section */

/* Begin PBXFrameworksBuildPhase section */
		C9B9D2D520DF3B40002B3609 /* Frameworks */ = {
			isa = PBXFrameworksBuildPhase;
			buildActionMask = 2147483647;
			files = (
				6A11BCFAE89217F779C7E661 /* Pods_GitHubSearch.framework in Frameworks */,
			);
			runOnlyForDeploymentPostprocessing = 0;
		};
		C9B9D2E920DF3B45002B3609 /* Frameworks */ = {
			isa = PBXFrameworksBuildPhase;
			buildActionMask = 2147483647;
			files = (
			);
			runOnlyForDeploymentPostprocessing = 0;
		};
		C9B9D2F420DF3B45002B3609 /* Frameworks */ = {
			isa = PBXFrameworksBuildPhase;
			buildActionMask = 2147483647;
			files = (
			);
			runOnlyForDeploymentPostprocessing = 0;
		};
/* End PBXFrameworksBuildPhase section */

/* Begin PBXGroup section */
		74C099150AECAC355EDFF5CB /* Pods */ = {
			isa = PBXGroup;
			children = (
				64E2870FAFF8FD16E459AF44 /* Pods-GitHubSearch.debug.xcconfig */,
				2DF7F6B691EEB3795D32289C /* Pods-GitHubSearch.release.xcconfig */,
			);
			name = Pods;
			sourceTree = "<group>";
		};
		C9B9D2CF20DF3B40002B3609 = {
			isa = PBXGroup;
			children = (
				C9B9D2DA20DF3B40002B3609 /* GitHubSearch */,
				C9B9D2EF20DF3B45002B3609 /* GitHubSearchTests */,
				C9B9D2FA20DF3B45002B3609 /* GitHubSearchUITests */,
				C9B9D2D920DF3B40002B3609 /* Products */,
				74C099150AECAC355EDFF5CB /* Pods */,
				D2888F32E97D7EC95006610D /* Frameworks */,
			);
			sourceTree = "<group>";
		};
		C9B9D2D920DF3B40002B3609 /* Products */ = {
			isa = PBXGroup;
			children = (
				C9B9D2D820DF3B40002B3609 /* GitHubSearch.app */,
				C9B9D2EC20DF3B45002B3609 /* GitHubSearchTests.xctest */,
				C9B9D2F720DF3B45002B3609 /* GitHubSearchUITests.xctest */,
			);
			name = Products;
			sourceTree = "<group>";
		};
		C9B9D2DA20DF3B40002B3609 /* GitHubSearch */ = {
			isa = PBXGroup;
			children = (
				C9B9D31B20DF404A002B3609 /* Common */,
				C9B9D30A20DF3D44002B3609 /* API */,
				C9B9D30D20DF3D44002B3609 /* Views */,
				C9B9D32820DF4B80002B3609 /* Support */,
			);
			path = GitHubSearch;
			sourceTree = "<group>";
		};
		C9B9D2EF20DF3B45002B3609 /* GitHubSearchTests */ = {
			isa = PBXGroup;
			children = (
				C9B9D2F020DF3B45002B3609 /* GitHubSearchTests.swift */,
				C9B9D2F220DF3B45002B3609 /* Info.plist */,
			);
			path = GitHubSearchTests;
			sourceTree = "<group>";
		};
		C9B9D2FA20DF3B45002B3609 /* GitHubSearchUITests */ = {
			isa = PBXGroup;
			children = (
				C9B9D2FB20DF3B45002B3609 /* GitHubSearchUITests.swift */,
				C9B9D2FD20DF3B45002B3609 /* Info.plist */,
			);
			path = GitHubSearchUITests;
			sourceTree = "<group>";
		};
		C9B9D30A20DF3D44002B3609 /* API */ = {
			isa = PBXGroup;
			children = (
				C9B9D32020DF45C0002B3609 /* GitHubClient.swift */,
				C9B9D30B20DF3D44002B3609 /* Response */,
				C9B9D30C20DF3D44002B3609 /* Request */,
			);
			path = API;
			sourceTree = "<group>";
		};
		C9B9D30B20DF3D44002B3609 /* Response */ = {
			isa = PBXGroup;
			children = (
				C9B9D32220DF4605002B3609 /* Repository.swift */,
				C9B9D32420DF46AF002B3609 /* SearchResponse.swift */,
			);
			path = Response;
			sourceTree = "<group>";
		};
		C9B9D30C20DF3D44002B3609 /* Request */ = {
			isa = PBXGroup;
			children = (
				C9B9D31E20DF4581002B3609 /* RequestType.swift */,
				C9B9D32620DF46D4002B3609 /* SearchRepositoryRequest.swift */,
			);
			path = Request;
			sourceTree = "<group>";
		};
		C9B9D30D20DF3D44002B3609 /* Views */ = {
			isa = PBXGroup;
			children = (
				C9B9D30E20DF3D44002B3609 /* Search */,
			);
			path = Views;
			sourceTree = "<group>";
		};
		C9B9D30E20DF3D44002B3609 /* Search */ = {
			isa = PBXGroup;
			children = (
				C9B9D30F20DF3DEA002B3609 /* SearchRepositoryView.swift */,
				C9B9D31120DF3E4C002B3609 /* SearchRepositoryViewController.swift */,
				C9B9D31C20DF4525002B3609 /* SearchRepositoryViewModel.swift */,
			);
			path = Search;
			sourceTree = "<group>";
		};
		C9B9D31720DF3FED002B3609 /* BaseView */ = {
			isa = PBXGroup;
			children = (
				C9B9D31320DF3FC1002B3609 /* BaseView.swift */,
				C9B9D31520DF3FDD002B3609 /* BaseTableViewCell.swift */,
			);
			path = BaseView;
			sourceTree = "<group>";
		};
		C9B9D31A20DF4035002B3609 /* Utilty */ = {
			isa = PBXGroup;
			children = (
				C9B9D31820DF402C002B3609 /* ChuraLayout.swift */,
			);
			path = Utilty;
			sourceTree = "<group>";
		};
		C9B9D31B20DF404A002B3609 /* Common */ = {
			isa = PBXGroup;
			children = (
				C9B9D31A20DF4035002B3609 /* Utilty */,
				C9B9D31720DF3FED002B3609 /* BaseView */,
			);
			path = Common;
			sourceTree = "<group>";
		};
		C9B9D32820DF4B80002B3609 /* Support */ = {
			isa = PBXGroup;
			children = (
				C9B9D2DB20DF3B40002B3609 /* AppDelegate.swift */,
				C9B9D2E220DF3B44002B3609 /* Assets.xcassets */,
				C9B9D2E420DF3B44002B3609 /* LaunchScreen.storyboard */,
				C9B9D2E720DF3B44002B3609 /* Info.plist */,
			);
			path = Support;
			sourceTree = "<group>";
		};
		D2888F32E97D7EC95006610D /* Frameworks */ = {
			isa = PBXGroup;
			children = (
				2681CBE9FF782BC3ADA85021 /* Pods_GitHubSearch.framework */,
			);
			name = Frameworks;
			sourceTree = "<group>";
		};
/* End PBXGroup section */

/* Begin PBXNativeTarget section */
		C9B9D2D720DF3B40002B3609 /* GitHubSearch */ = {
			isa = PBXNativeTarget;
			buildConfigurationList = C9B9D30020DF3B45002B3609 /* Build configuration list for PBXNativeTarget "GitHubSearch" */;
			buildPhases = (
				09ED764DE0FB622B612BDDBD /* [CP] Check Pods Manifest.lock */,
				C9B9D2D420DF3B40002B3609 /* Sources */,
				C9B9D2D520DF3B40002B3609 /* Frameworks */,
				C9B9D2D620DF3B40002B3609 /* Resources */,
				9B5112C4F1A06E71184B44FF /* [CP] Embed Pods Frameworks */,
			);
			buildRules = (
			);
			dependencies = (
			);
			name = GitHubSearch;
			productName = GitHubSearch;
			productReference = C9B9D2D820DF3B40002B3609 /* GitHubSearch.app */;
			productType = "com.apple.product-type.application";
		};
		C9B9D2EB20DF3B45002B3609 /* GitHubSearchTests */ = {
			isa = PBXNativeTarget;
			buildConfigurationList = C9B9D30320DF3B45002B3609 /* Build configuration list for PBXNativeTarget "GitHubSearchTests" */;
			buildPhases = (
				C9B9D2E820DF3B45002B3609 /* Sources */,
				C9B9D2E920DF3B45002B3609 /* Frameworks */,
				C9B9D2EA20DF3B45002B3609 /* Resources */,
			);
			buildRules = (
			);
			dependencies = (
				C9B9D2EE20DF3B45002B3609 /* PBXTargetDependency */,
			);
			name = GitHubSearchTests;
			productName = GitHubSearchTests;
			productReference = C9B9D2EC20DF3B45002B3609 /* GitHubSearchTests.xctest */;
			productType = "com.apple.product-type.bundle.unit-test";
		};
		C9B9D2F620DF3B45002B3609 /* GitHubSearchUITests */ = {
			isa = PBXNativeTarget;
			buildConfigurationList = C9B9D30620DF3B45002B3609 /* Build configuration list for PBXNativeTarget "GitHubSearchUITests" */;
			buildPhases = (
				C9B9D2F320DF3B45002B3609 /* Sources */,
				C9B9D2F420DF3B45002B3609 /* Frameworks */,
				C9B9D2F520DF3B45002B3609 /* Resources */,
			);
			buildRules = (
			);
			dependencies = (
				C9B9D2F920DF3B45002B3609 /* PBXTargetDependency */,
			);
			name = GitHubSearchUITests;
			productName = GitHubSearchUITests;
			productReference = C9B9D2F720DF3B45002B3609 /* GitHubSearchUITests.xctest */;
			productType = "com.apple.product-type.bundle.ui-testing";
		};
/* End PBXNativeTarget section */

/* Begin PBXProject section */
		C9B9D2D020DF3B40002B3609 /* Project object */ = {
			isa = PBXProject;
			attributes = {
				LastSwiftUpdateCheck = 0930;
				LastUpgradeCheck = 0930;
				ORGANIZATIONNAME = "ちゅーたつ";
				TargetAttributes = {
					C9B9D2D720DF3B40002B3609 = {
						CreatedOnToolsVersion = 9.3;
					};
					C9B9D2EB20DF3B45002B3609 = {
						CreatedOnToolsVersion = 9.3;
						TestTargetID = C9B9D2D720DF3B40002B3609;
					};
					C9B9D2F620DF3B45002B3609 = {
						CreatedOnToolsVersion = 9.3;
						TestTargetID = C9B9D2D720DF3B40002B3609;
					};
				};
			};
			buildConfigurationList = C9B9D2D320DF3B40002B3609 /* Build configuration list for PBXProject "GitHubSearch" */;
			compatibilityVersion = "Xcode 9.3";
			developmentRegion = en;
			hasScannedForEncodings = 0;
			knownRegions = (
				en,
				Base,
			);
			mainGroup = C9B9D2CF20DF3B40002B3609;
			productRefGroup = C9B9D2D920DF3B40002B3609 /* Products */;
			projectDirPath = "";
			projectRoot = "";
			targets = (
				C9B9D2D720DF3B40002B3609 /* GitHubSearch */,
				C9B9D2EB20DF3B45002B3609 /* GitHubSearchTests */,
				C9B9D2F620DF3B45002B3609 /* GitHubSearchUITests */,
			);
		};
/* End PBXProject section */

/* Begin PBXResourcesBuildPhase section */
		C9B9D2D620DF3B40002B3609 /* Resources */ = {
			isa = PBXResourcesBuildPhase;
			buildActionMask = 2147483647;
			files = (
				C9B9D2E620DF3B44002B3609 /* LaunchScreen.storyboard in Resources */,
				C9B9D2E320DF3B44002B3609 /* Assets.xcassets in Resources */,
			);
			runOnlyForDeploymentPostprocessing = 0;
		};
		C9B9D2EA20DF3B45002B3609 /* Resources */ = {
			isa = PBXResourcesBuildPhase;
			buildActionMask = 2147483647;
			files = (
			);
			runOnlyForDeploymentPostprocessing = 0;
		};
		C9B9D2F520DF3B45002B3609 /* Resources */ = {
			isa = PBXResourcesBuildPhase;
			buildActionMask = 2147483647;
			files = (
			);
			runOnlyForDeploymentPostprocessing = 0;
		};
/* End PBXResourcesBuildPhase section */

/* Begin PBXShellScriptBuildPhase section */
		09ED764DE0FB622B612BDDBD /* [CP] Check Pods Manifest.lock */ = {
			isa = PBXShellScriptBuildPhase;
			buildActionMask = 2147483647;
			files = (
			);
			inputPaths = (
				"${PODS_PODFILE_DIR_PATH}/Podfile.lock",
				"${PODS_ROOT}/Manifest.lock",
			);
			name = "[CP] Check Pods Manifest.lock";
			outputPaths = (
				"$(DERIVED_FILE_DIR)/Pods-GitHubSearch-checkManifestLockResult.txt",
			);
			runOnlyForDeploymentPostprocessing = 0;
			shellPath = /bin/sh;
			shellScript = "diff \"${PODS_PODFILE_DIR_PATH}/Podfile.lock\" \"${PODS_ROOT}/Manifest.lock\" > /dev/null\nif [ $? != 0 ] ; then\n    # print error to STDERR\n    echo \"error: The sandbox is not in sync with the Podfile.lock. Run 'pod install' or update your CocoaPods installation.\" >&2\n    exit 1\nfi\n# This output is used by Xcode 'outputs' to avoid re-running this script phase.\necho \"SUCCESS\" > \"${SCRIPT_OUTPUT_FILE_0}\"\n";
			showEnvVarsInLog = 0;
		};
		9B5112C4F1A06E71184B44FF /* [CP] Embed Pods Frameworks */ = {
			isa = PBXShellScriptBuildPhase;
			buildActionMask = 2147483647;
			files = (
			);
			inputPaths = (
				"${SRCROOT}/Pods/Target Support Files/Pods-GitHubSearch/Pods-GitHubSearch-frameworks.sh",
				"${BUILT_PRODUCTS_DIR}/ReactorKit/ReactorKit.framework",
				"${BUILT_PRODUCTS_DIR}/RxCocoa/RxCocoa.framework",
				"${BUILT_PRODUCTS_DIR}/RxSwift/RxSwift.framework",
			);
			name = "[CP] Embed Pods Frameworks";
			outputPaths = (
				"${TARGET_BUILD_DIR}/${FRAMEWORKS_FOLDER_PATH}/ReactorKit.framework",
				"${TARGET_BUILD_DIR}/${FRAMEWORKS_FOLDER_PATH}/RxCocoa.framework",
				"${TARGET_BUILD_DIR}/${FRAMEWORKS_FOLDER_PATH}/RxSwift.framework",
			);
			runOnlyForDeploymentPostprocessing = 0;
			shellPath = /bin/sh;
			shellScript = "\"${SRCROOT}/Pods/Target Support Files/Pods-GitHubSearch/Pods-GitHubSearch-frameworks.sh\"\n";
			showEnvVarsInLog = 0;
		};
/* End PBXShellScriptBuildPhase section */

/* Begin PBXSourcesBuildPhase section */
		C9B9D2D420DF3B40002B3609 /* Sources */ = {
			isa = PBXSourcesBuildPhase;
			buildActionMask = 2147483647;
			files = (
				C9B9D31220DF3E4D002B3609 /* SearchRepositoryViewController.swift in Sources */,
				C9B9D31920DF402C002B3609 /* ChuraLayout.swift in Sources */,
				C9B9D31020DF3DEA002B3609 /* SearchRepositoryView.swift in Sources */,
				C9B9D32720DF46D4002B3609 /* SearchRepositoryRequest.swift in Sources */,
				C9B9D32120DF45C0002B3609 /* GitHubClient.swift in Sources */,
				C9B9D2DC20DF3B40002B3609 /* AppDelegate.swift in Sources */,
				C9B9D31620DF3FDD002B3609 /* BaseTableViewCell.swift in Sources */,
				C9B9D32520DF46AF002B3609 /* SearchResponse.swift in Sources */,
				C9B9D31420DF3FC1002B3609 /* BaseView.swift in Sources */,
				C9B9D32320DF4605002B3609 /* Repository.swift in Sources */,
				C9B9D31D20DF4525002B3609 /* SearchRepositoryViewModel.swift in Sources */,
				C9B9D31F20DF4581002B3609 /* RequestType.swift in Sources */,
			);
			runOnlyForDeploymentPostprocessing = 0;
		};
		C9B9D2E820DF3B45002B3609 /* Sources */ = {
			isa = PBXSourcesBuildPhase;
			buildActionMask = 2147483647;
			files = (
				C9B9D2F120DF3B45002B3609 /* GitHubSearchTests.swift in Sources */,
			);
			runOnlyForDeploymentPostprocessing = 0;
		};
		C9B9D2F320DF3B45002B3609 /* Sources */ = {
			isa = PBXSourcesBuildPhase;
			buildActionMask = 2147483647;
			files = (
				C9B9D2FC20DF3B45002B3609 /* GitHubSearchUITests.swift in Sources */,
			);
			runOnlyForDeploymentPostprocessing = 0;
		};
/* End PBXSourcesBuildPhase section */

/* Begin PBXTargetDependency section */
		C9B9D2EE20DF3B45002B3609 /* PBXTargetDependency */ = {
			isa = PBXTargetDependency;
			target = C9B9D2D720DF3B40002B3609 /* GitHubSearch */;
			targetProxy = C9B9D2ED20DF3B45002B3609 /* PBXContainerItemProxy */;
		};
		C9B9D2F920DF3B45002B3609 /* PBXTargetDependency */ = {
			isa = PBXTargetDependency;
			target = C9B9D2D720DF3B40002B3609 /* GitHubSearch */;
			targetProxy = C9B9D2F820DF3B45002B3609 /* PBXContainerItemProxy */;
		};
/* End PBXTargetDependency section */

/* Begin PBXVariantGroup section */
		C9B9D2E420DF3B44002B3609 /* LaunchScreen.storyboard */ = {
			isa = PBXVariantGroup;
			children = (
				C9B9D2E520DF3B44002B3609 /* Base */,
			);
			name = LaunchScreen.storyboard;
			sourceTree = "<group>";
		};
/* End PBXVariantGroup section */

/* Begin XCBuildConfiguration section */
		C9B9D2FE20DF3B45002B3609 /* Debug */ = {
			isa = XCBuildConfiguration;
			buildSettings = {
				ALWAYS_SEARCH_USER_PATHS = NO;
				CLANG_ANALYZER_NONNULL = YES;
				CLANG_ANALYZER_NUMBER_OBJECT_CONVERSION = YES_AGGRESSIVE;
				CLANG_CXX_LANGUAGE_STANDARD = "gnu++14";
				CLANG_CXX_LIBRARY = "libc++";
				CLANG_ENABLE_MODULES = YES;
				CLANG_ENABLE_OBJC_ARC = YES;
				CLANG_ENABLE_OBJC_WEAK = YES;
				CLANG_WARN_BLOCK_CAPTURE_AUTORELEASING = YES;
				CLANG_WARN_BOOL_CONVERSION = YES;
				CLANG_WARN_COMMA = YES;
				CLANG_WARN_CONSTANT_CONVERSION = YES;
				CLANG_WARN_DEPRECATED_OBJC_IMPLEMENTATIONS = YES;
				CLANG_WARN_DIRECT_OBJC_ISA_USAGE = YES_ERROR;
				CLANG_WARN_DOCUMENTATION_COMMENTS = YES;
				CLANG_WARN_EMPTY_BODY = YES;
				CLANG_WARN_ENUM_CONVERSION = YES;
				CLANG_WARN_INFINITE_RECURSION = YES;
				CLANG_WARN_INT_CONVERSION = YES;
				CLANG_WARN_NON_LITERAL_NULL_CONVERSION = YES;
				CLANG_WARN_OBJC_IMPLICIT_RETAIN_SELF = YES;
				CLANG_WARN_OBJC_LITERAL_CONVERSION = YES;
				CLANG_WARN_OBJC_ROOT_CLASS = YES_ERROR;
				CLANG_WARN_RANGE_LOOP_ANALYSIS = YES;
				CLANG_WARN_STRICT_PROTOTYPES = YES;
				CLANG_WARN_SUSPICIOUS_MOVE = YES;
				CLANG_WARN_UNGUARDED_AVAILABILITY = YES_AGGRESSIVE;
				CLANG_WARN_UNREACHABLE_CODE = YES;
				CLANG_WARN__DUPLICATE_METHOD_MATCH = YES;
				CODE_SIGN_IDENTITY = "iPhone Developer";
				COPY_PHASE_STRIP = NO;
				DEBUG_INFORMATION_FORMAT = dwarf;
				ENABLE_STRICT_OBJC_MSGSEND = YES;
				ENABLE_TESTABILITY = YES;
				GCC_C_LANGUAGE_STANDARD = gnu11;
				GCC_DYNAMIC_NO_PIC = NO;
				GCC_NO_COMMON_BLOCKS = YES;
				GCC_OPTIMIZATION_LEVEL = 0;
				GCC_PREPROCESSOR_DEFINITIONS = (
					"DEBUG=1",
					"$(inherited)",
				);
				GCC_WARN_64_TO_32_BIT_CONVERSION = YES;
				GCC_WARN_ABOUT_RETURN_TYPE = YES_ERROR;
				GCC_WARN_UNDECLARED_SELECTOR = YES;
				GCC_WARN_UNINITIALIZED_AUTOS = YES_AGGRESSIVE;
				GCC_WARN_UNUSED_FUNCTION = YES;
				GCC_WARN_UNUSED_VARIABLE = YES;
				IPHONEOS_DEPLOYMENT_TARGET = 11.3;
				MTL_ENABLE_DEBUG_INFO = YES;
				ONLY_ACTIVE_ARCH = YES;
				SDKROOT = iphoneos;
				SWIFT_ACTIVE_COMPILATION_CONDITIONS = DEBUG;
				SWIFT_OPTIMIZATION_LEVEL = "-Onone";
			};
			name = Debug;
		};
		C9B9D2FF20DF3B45002B3609 /* Release */ = {
			isa = XCBuildConfiguration;
			buildSettings = {
				ALWAYS_SEARCH_USER_PATHS = NO;
				CLANG_ANALYZER_NONNULL = YES;
				CLANG_ANALYZER_NUMBER_OBJECT_CONVERSION = YES_AGGRESSIVE;
				CLANG_CXX_LANGUAGE_STANDARD = "gnu++14";
				CLANG_CXX_LIBRARY = "libc++";
				CLANG_ENABLE_MODULES = YES;
				CLANG_ENABLE_OBJC_ARC = YES;
				CLANG_ENABLE_OBJC_WEAK = YES;
				CLANG_WARN_BLOCK_CAPTURE_AUTORELEASING = YES;
				CLANG_WARN_BOOL_CONVERSION = YES;
				CLANG_WARN_COMMA = YES;
				CLANG_WARN_CONSTANT_CONVERSION = YES;
				CLANG_WARN_DEPRECATED_OBJC_IMPLEMENTATIONS = YES;
				CLANG_WARN_DIRECT_OBJC_ISA_USAGE = YES_ERROR;
				CLANG_WARN_DOCUMENTATION_COMMENTS = YES;
				CLANG_WARN_EMPTY_BODY = YES;
				CLANG_WARN_ENUM_CONVERSION = YES;
				CLANG_WARN_INFINITE_RECURSION = YES;
				CLANG_WARN_INT_CONVERSION = YES;
				CLANG_WARN_NON_LITERAL_NULL_CONVERSION = YES;
				CLANG_WARN_OBJC_IMPLICIT_RETAIN_SELF = YES;
				CLANG_WARN_OBJC_LITERAL_CONVERSION = YES;
				CLANG_WARN_OBJC_ROOT_CLASS = YES_ERROR;
				CLANG_WARN_RANGE_LOOP_ANALYSIS = YES;
				CLANG_WARN_STRICT_PROTOTYPES = YES;
				CLANG_WARN_SUSPICIOUS_MOVE = YES;
				CLANG_WARN_UNGUARDED_AVAILABILITY = YES_AGGRESSIVE;
				CLANG_WARN_UNREACHABLE_CODE = YES;
				CLANG_WARN__DUPLICATE_METHOD_MATCH = YES;
				CODE_SIGN_IDENTITY = "iPhone Developer";
				COPY_PHASE_STRIP = NO;
				DEBUG_INFORMATION_FORMAT = "dwarf-with-dsym";
				ENABLE_NS_ASSERTIONS = NO;
				ENABLE_STRICT_OBJC_MSGSEND = YES;
				GCC_C_LANGUAGE_STANDARD = gnu11;
				GCC_NO_COMMON_BLOCKS = YES;
				GCC_WARN_64_TO_32_BIT_CONVERSION = YES;
				GCC_WARN_ABOUT_RETURN_TYPE = YES_ERROR;
				GCC_WARN_UNDECLARED_SELECTOR = YES;
				GCC_WARN_UNINITIALIZED_AUTOS = YES_AGGRESSIVE;
				GCC_WARN_UNUSED_FUNCTION = YES;
				GCC_WARN_UNUSED_VARIABLE = YES;
				IPHONEOS_DEPLOYMENT_TARGET = 11.3;
				MTL_ENABLE_DEBUG_INFO = NO;
				SDKROOT = iphoneos;
				SWIFT_COMPILATION_MODE = wholemodule;
				SWIFT_OPTIMIZATION_LEVEL = "-O";
				VALIDATE_PRODUCT = YES;
			};
			name = Release;
		};
		C9B9D30120DF3B45002B3609 /* Debug */ = {
			isa = XCBuildConfiguration;
			baseConfigurationReference = 64E2870FAFF8FD16E459AF44 /* Pods-GitHubSearch.debug.xcconfig */;
			buildSettings = {
				ASSETCATALOG_COMPILER_APPICON_NAME = AppIcon;
				CODE_SIGN_STYLE = Automatic;
				DEVELOPMENT_TEAM = J5ZDJEZ5EU;
				INFOPLIST_FILE = GitHubSearch/Support/Info.plist;
				LD_RUNPATH_SEARCH_PATHS = (
					"$(inherited)",
					"@executable_path/Frameworks",
				);
				PRODUCT_BUNDLE_IDENTIFIER = test.GitHubSearch;
				PRODUCT_NAME = "$(TARGET_NAME)";
				SWIFT_VERSION = 4.0;
				TARGETED_DEVICE_FAMILY = "1,2";
			};
			name = Debug;
		};
		C9B9D30220DF3B45002B3609 /* Release */ = {
			isa = XCBuildConfiguration;
			baseConfigurationReference = 2DF7F6B691EEB3795D32289C /* Pods-GitHubSearch.release.xcconfig */;
			buildSettings = {
				ASSETCATALOG_COMPILER_APPICON_NAME = AppIcon;
				CODE_SIGN_STYLE = Automatic;
				DEVELOPMENT_TEAM = J5ZDJEZ5EU;
				INFOPLIST_FILE = GitHubSearch/Support/Info.plist;
				LD_RUNPATH_SEARCH_PATHS = (
					"$(inherited)",
					"@executable_path/Frameworks",
				);
				PRODUCT_BUNDLE_IDENTIFIER = test.GitHubSearch;
				PRODUCT_NAME = "$(TARGET_NAME)";
				SWIFT_VERSION = 4.0;
				TARGETED_DEVICE_FAMILY = "1,2";
			};
			name = Release;
		};
		C9B9D30420DF3B45002B3609 /* Debug */ = {
			isa = XCBuildConfiguration;
			buildSettings = {
				ALWAYS_EMBED_SWIFT_STANDARD_LIBRARIES = YES;
				BUNDLE_LOADER = "$(TEST_HOST)";
				CODE_SIGN_STYLE = Automatic;
				DEVELOPMENT_TEAM = J5ZDJEZ5EU;
				INFOPLIST_FILE = GitHubSearchTests/Info.plist;
				LD_RUNPATH_SEARCH_PATHS = (
					"$(inherited)",
					"@executable_path/Frameworks",
					"@loader_path/Frameworks",
				);
				PRODUCT_BUNDLE_IDENTIFIER = test.GitHubSearchTests;
				PRODUCT_NAME = "$(TARGET_NAME)";
				SWIFT_VERSION = 4.0;
				TARGETED_DEVICE_FAMILY = "1,2";
				TEST_HOST = "$(BUILT_PRODUCTS_DIR)/GitHubSearch.app/GitHubSearch";
			};
			name = Debug;
		};
		C9B9D30520DF3B45002B3609 /* Release */ = {
			isa = XCBuildConfiguration;
			buildSettings = {
				ALWAYS_EMBED_SWIFT_STANDARD_LIBRARIES = YES;
				BUNDLE_LOADER = "$(TEST_HOST)";
				CODE_SIGN_STYLE = Automatic;
				DEVELOPMENT_TEAM = J5ZDJEZ5EU;
				INFOPLIST_FILE = GitHubSearchTests/Info.plist;
				LD_RUNPATH_SEARCH_PATHS = (
					"$(inherited)",
					"@executable_path/Frameworks",
					"@loader_path/Frameworks",
				);
				PRODUCT_BUNDLE_IDENTIFIER = test.GitHubSearchTests;
				PRODUCT_NAME = "$(TARGET_NAME)";
				SWIFT_VERSION = 4.0;
				TARGETED_DEVICE_FAMILY = "1,2";
				TEST_HOST = "$(BUILT_PRODUCTS_DIR)/GitHubSearch.app/GitHubSearch";
			};
			name = Release;
		};
		C9B9D30720DF3B45002B3609 /* Debug */ = {
			isa = XCBuildConfiguration;
			buildSettings = {
				ALWAYS_EMBED_SWIFT_STANDARD_LIBRARIES = YES;
				CODE_SIGN_STYLE = Automatic;
				DEVELOPMENT_TEAM = J5ZDJEZ5EU;
				INFOPLIST_FILE = GitHubSearchUITests/Info.plist;
				LD_RUNPATH_SEARCH_PATHS = (
					"$(inherited)",
					"@executable_path/Frameworks",
					"@loader_path/Frameworks",
				);
				PRODUCT_BUNDLE_IDENTIFIER = test.GitHubSearchUITests;
				PRODUCT_NAME = "$(TARGET_NAME)";
				SWIFT_VERSION = 4.0;
				TARGETED_DEVICE_FAMILY = "1,2";
				TEST_TARGET_NAME = GitHubSearch;
			};
			name = Debug;
		};
		C9B9D30820DF3B45002B3609 /* Release */ = {
			isa = XCBuildConfiguration;
			buildSettings = {
				ALWAYS_EMBED_SWIFT_STANDARD_LIBRARIES = YES;
				CODE_SIGN_STYLE = Automatic;
				DEVELOPMENT_TEAM = J5ZDJEZ5EU;
				INFOPLIST_FILE = GitHubSearchUITests/Info.plist;
				LD_RUNPATH_SEARCH_PATHS = (
					"$(inherited)",
					"@executable_path/Frameworks",
					"@loader_path/Frameworks",
				);
				PRODUCT_BUNDLE_IDENTIFIER = test.GitHubSearchUITests;
				PRODUCT_NAME = "$(TARGET_NAME)";
				SWIFT_VERSION = 4.0;
				TARGETED_DEVICE_FAMILY = "1,2";
				TEST_TARGET_NAME = GitHubSearch;
			};
			name = Release;
		};
/* End XCBuildConfiguration section */

/* Begin XCConfigurationList section */
		C9B9D2D320DF3B40002B3609 /* Build configuration list for PBXProject "GitHubSearch" */ = {
			isa = XCConfigurationList;
			buildConfigurations = (
				C9B9D2FE20DF3B45002B3609 /* Debug */,
				C9B9D2FF20DF3B45002B3609 /* Release */,
			);
			defaultConfigurationIsVisible = 0;
			defaultConfigurationName = Release;
		};
		C9B9D30020DF3B45002B3609 /* Build configuration list for PBXNativeTarget "GitHubSearch" */ = {
			isa = XCConfigurationList;
			buildConfigurations = (
				C9B9D30120DF3B45002B3609 /* Debug */,
				C9B9D30220DF3B45002B3609 /* Release */,
			);
			defaultConfigurationIsVisible = 0;
			defaultConfigurationName = Release;
		};
		C9B9D30320DF3B45002B3609 /* Build configuration list for PBXNativeTarget "GitHubSearchTests" */ = {
			isa = XCConfigurationList;
			buildConfigurations = (
				C9B9D30420DF3B45002B3609 /* Debug */,
				C9B9D30520DF3B45002B3609 /* Release */,
			);
			defaultConfigurationIsVisible = 0;
			defaultConfigurationName = Release;
		};
		C9B9D30620DF3B45002B3609 /* Build configuration list for PBXNativeTarget "GitHubSearchUITests" */ = {
			isa = XCConfigurationList;
			buildConfigurations = (
				C9B9D30720DF3B45002B3609 /* Debug */,
				C9B9D30820DF3B45002B3609 /* Release */,
			);
			defaultConfigurationIsVisible = 0;
			defaultConfigurationName = Release;
		};
/* End XCConfigurationList section */
	};
	rootObject = C9B9D2D020DF3B40002B3609 /* Project object */;
}
